// !$*UTF8*$!
{
	archiveVersion = 1;
	classes = {
	};
	objectVersion = 77;
	objects = {

/* Begin PBXContainerItemProxy section */
		D982E9C72F5E88BB0076D1E3 /* PBXContainerItemProxy */ = {
			isa = PBXContainerItemProxy;
			containerPortal = D982E9B12F5E88B90076D1E3 /* Project object */;
			proxyType = 1;
			remoteGlobalIDString = D982E9B82F5E88B90076D1E3;
			remoteInfo = iOSMarkdownEditor;
		};
		D982E9D12F5E88BB0076D1E3 /* PBXContainerItemProxy */ = {
			isa = PBXContainerItemProxy;
			containerPortal = D982E9B12F5E88B90076D1E3 /* Project object */;
			proxyType = 1;
			remoteGlobalIDString = D982E9B82F5E88B90076D1E3;
			remoteInfo = iOSMarkdownEditor;
		};
/* End PBXContainerItemProxy section */

/* Begin PBXFileReference section */
		D982E9B92F5E88B90076D1E3 /* iOSMarkdownEditor.app */ = {isa = PBXFileReference; explicitFileType = wrapper.application; includeInIndex = 0; path = iOSMarkdownEditor.app; sourceTree = BUILT_PRODUCTS_DIR; };
		D982E9C62F5E88BB0076D1E3 /* iOSMarkdownEditorTests.xctest */ = {isa = PBXFileReference; explicitFileType = wrapper.cfbundle; includeInIndex = 0; path = iOSMarkdownEditorTests.xctest; sourceTree = BUILT_PRODUCTS_DIR; };
		D982E9D02F5E88BB0076D1E3 /* iOSMarkdownEditorUITests.xctest */ = {isa = PBXFileReference; explicitFileType = wrapper.cfbundle; includeInIndex = 0; path = iOSMarkdownEditorUITests.xctest; sourceTree = BUILT_PRODUCTS_DIR; };
/* End PBXFileReference section */

/* Begin PBXFileSystemSynchronizedRootGroup section */
		D982E9BB2F5E88B90076D1E3 /* iOSMarkdownEditor */ = {
			isa = PBXFileSystemSynchronizedRootGroup;
			path = iOSMarkdownEditor;
			sourceTree = "<group>";
		};
		D982E9C92F5E88BB0076D1E3 /* iOSMarkdownEditorTests */ = {
			isa = PBXFileSystemSynchronizedRootGroup;
			path = iOSMarkdownEditorTests;
			sourceTree = "<group>";
		};
		D982E9D32F5E88BB0076D1E3 /* iOSMarkdownEditorUITests */ = {
			isa = PBXFileSystemSynchronizedRootGroup;
			path = iOSMarkdownEditorUITests;
			sourceTree = "<group>";
		};
/* End PBXFileSystemSynchronizedRootGroup section */

/* Begin PBXFrameworksBuildPhase section */
		D982E9B62F5E88B90076D1E3 /* Frameworks */ = {
			isa = PBXFrameworksBuildPhase;
			buildActionMask = 2147483647;
			files = (
			);
			runOnlyForDeploymentPostprocessing = 0;
		};
		D982E9C32F5E88BB0076D1E3 /* Frameworks */ = {
			isa = PBXFrameworksBuildPhase;
			buildActionMask = 2147483647;
			files = (
			);
			runOnlyForDeploymentPostprocessing = 0;
		};
		D982E9CD2F5E88BB0076D1E3 /* Frameworks */ = {
			isa = PBXFrameworksBuildPhase;
			buildActionMask = 2147483647;
			files = (
			);
			runOnlyForDeploymentPostprocessing = 0;
		};
/* End PBXFrameworksBuildPhase section */

/* Begin PBXGroup section */
		D982E9B02F5E88B90076D1E3 = {
			isa = PBXGroup;
			children = (
				D982E9BB2F5E88B90076D1E3 /* iOSMarkdownEditor */,
				D982E9C92F5E88BB0076D1E3 /* iOSMarkdownEditorTests */,
				D982E9D32F5E88BB0076D1E3 /* iOSMarkdownEditorUITests */,
				D982E9BA2F5E88B90076D1E3 /* Products */,
			);
			sourceTree = "<group>";
		};
		D982E9BA2F5E88B90076D1E3 /* Products */ = {
			isa = PBXGroup;
			children = (
				D982E9B92F5E88B90076D1E3 /* iOSMarkdownEditor.app */,
				D982E9C62F5E88BB0076D1E3 /* iOSMarkdownEditorTests.xctest */,
				D982E9D02F5E88BB0076D1E3 /* iOSMarkdownEditorUITests.xctest */,
			);
			name = Products;
			sourceTree = "<group>";
		};
/* End PBXGroup section */

/* Begin PBXNativeTarget section */
		D982E9B82F5E88B90076D1E3 /* iOSMarkdownEditor */ = {
			isa = PBXNativeTarget;
			buildConfigurationList = D982E9DA2F5E88BB0076D1E3 /* Build configuration list for PBXNativeTarget "iOSMarkdownEditor" */;
			buildPhases = (
				D982E9B52F5E88B90076D1E3 /* Sources */,
				D982E9B62F5E88B90076D1E3 /* Frameworks */,
				D982E9B72F5E88B90076D1E3 /* Resources */,
			);
			buildRules = (
			);
			dependencies = (
			);
			fileSystemSynchronizedGroups = (
				D982E9BB2F5E88B90076D1E3 /* iOSMarkdownEditor */,
			);
			name = iOSMarkdownEditor;
			packageProductDependencies = (
			);
			productName = iOSMarkdownEditor;
			productReference = D982E9B92F5E88B90076D1E3 /* iOSMarkdownEditor.app */;
			productType = "com.apple.product-type.application";
		};
		D982E9C52F5E88BB0076D1E3 /* iOSMarkdownEditorTests */ = {
			isa = PBXNativeTarget;
			buildConfigurationList = D982E9DD2F5E88BB0076D1E3 /* Build configuration list for PBXNativeTarget "iOSMarkdownEditorTests" */;
			buildPhases = (
				D982E9C22F5E88BB0076D1E3 /* Sources */,
				D982E9C32F5E88BB0076D1E3 /* Frameworks */,
				D982E9C42F5E88BB0076D1E3 /* Resources */,
			);
			buildRules = (
			);
			dependencies = (
				D982E9C82F5E88BB0076D1E3 /* PBXTargetDependency */,
			);
			fileSystemSynchronizedGroups = (
				D982E9C92F5E88BB0076D1E3 /* iOSMarkdownEditorTests */,
			);
			name = iOSMarkdownEditorTests;
			packageProductDependencies = (
			);
			productName = iOSMarkdownEditorTests;
			productReference = D982E9C62F5E88BB0076D1E3 /* iOSMarkdownEditorTests.xctest */;
			productType = "com.apple.product-type.bundle.unit-test";
		};
		D982E9CF2F5E88BB0076D1E3 /* iOSMarkdownEditorUITests */ = {
			isa = PBXNativeTarget;
			buildConfigurationList = D982E9E02F5E88BB0076D1E3 /* Build configuration list for PBXNativeTarget "iOSMarkdownEditorUITests" */;
			buildPhases = (
				D982E9CC2F5E88BB0076D1E3 /* Sources */,
				D982E9CD2F5E88BB0076D1E3 /* Frameworks */,
				D982E9CE2F5E88BB0076D1E3 /* Resources */,
			);
			buildRules = (
			);
			dependencies = (
				D982E9D22F5E88BB0076D1E3 /* PBXTargetDependency */,
			);
			fileSystemSynchronizedGroups = (
				D982E9D32F5E88BB0076D1E3 /* iOSMarkdownEditorUITests */,
			);
			name = iOSMarkdownEditorUITests;
			packageProductDependencies = (
			);
			productName = iOSMarkdownEditorUITests;
			productReference = D982E9D02F5E88BB0076D1E3 /* iOSMarkdownEditorUITests.xctest */;
			productType = "com.apple.product-type.bundle.ui-testing";
		};
/* End PBXNativeTarget section */

/* Begin PBXProject section */
		D982E9B12F5E88B90076D1E3 /* Project object */ = {
			isa = PBXProject;
			attributes = {
				BuildIndependentTargetsInParallel = 1;
				LastSwiftUpdateCheck = 2620;
				LastUpgradeCheck = 2620;
				TargetAttributes = {
					D982E9B82F5E88B90076D1E3 = {
						CreatedOnToolsVersion = 26.2;
					};
					D982E9C52F5E88BB0076D1E3 = {
						CreatedOnToolsVersion = 26.2;
						TestTargetID = D982E9B82F5E88B90076D1E3;
					};
					D982E9CF2F5E88BB0076D1E3 = {
						CreatedOnToolsVersion = 26.2;
						TestTargetID = D982E9B82F5E88B90076D1E3;
					};
				};
			};
			buildConfigurationList = D982E9B42F5E88B90076D1E3 /* Build configuration list for PBXProject "iOSMarkdownEditor" */;
			developmentRegion = en;
			hasScannedForEncodings = 0;
			knownRegions = (
				en,
				Base,
			);
			mainGroup = D982E9B02F5E88B90076D1E3;
			minimizedProjectReferenceProxies = 1;
			preferredProjectObjectVersion = 77;
			productRefGroup = D982E9BA2F5E88B90076D1E3 /* Products */;
			projectDirPath = "";
			projectRoot = "";
			targets = (
				D982E9B82F5E88B90076D1E3 /* iOSMarkdownEditor */,
				D982E9C52F5E88BB0076D1E3 /* iOSMarkdownEditorTests */,
				D982E9CF2F5E88BB0076D1E3 /* iOSMarkdownEditorUITests */,
			);
		};
/* End PBXProject section */

/* Begin PBXResourcesBuildPhase section */
		D982E9B72F5E88B90076D1E3 /* Resources */ = {
			isa = PBXResourcesBuildPhase;
			buildActionMask = 2147483647;
			files = (
			);
			runOnlyForDeploymentPostprocessing = 0;
		};
		D982E9C42F5E88BB0076D1E3 /* Resources */ = {
			isa = PBXResourcesBuildPhase;
			buildActionMask = 2147483647;
			files = (
			);
			runOnlyForDeploymentPostprocessing = 0;
		};
		D982E9CE2F5E88BB0076D1E3 /* Resources */ = {
			isa = PBXResourcesBuildPhase;
			buildActionMask = 2147483647;
			files = (
			);
			runOnlyForDeploymentPostprocessing = 0;
		};
/* End PBXResourcesBuildPhase section */

/* Begin PBXSourcesBuildPhase section */
		D982E9B52F5E88B90076D1E3 /* Sources */ = {
			isa = PBXSourcesBuildPhase;
			buildActionMask = 2147483647;
			files = (
			);
			runOnlyForDeploymentPostprocessing = 0;
		};
		D982E9C22F5E88BB0076D1E3 /* Sources */ = {
			isa = PBXSourcesBuildPhase;
			buildActionMask = 2147483647;
			files = (
			);
			runOnlyForDeploymentPostprocessing = 0;
		};
		D982E9CC2F5E88BB0076D1E3 /* Sources */ = {
			isa = PBXSourcesBuildPhase;
			buildActionMask = 2147483647;
			files = (
			);
			runOnlyForDeploymentPostprocessing = 0;
		};
/* End PBXSourcesBuildPhase section */

/* Begin PBXTargetDependency section */
		D982E9C82F5E88BB0076D1E3 /* PBXTargetDependency */ = {
			isa = PBXTargetDependency;
			target = D982E9B82F5E88B90076D1E3 /* iOSMarkdownEditor */;
			targetProxy = D982E9C72F5E88BB0076D1E3 /* PBXContainerItemProxy */;
		};
		D982E9D22F5E88BB0076D1E3 /* PBXTargetDependency */ = {
			isa = PBXTargetDependency;
			target = D982E9B82F5E88B90076D1E3 /* iOSMarkdownEditor */;
			targetProxy = D982E9D12F5E88BB0076D1E3 /* PBXContainerItemProxy */;
		};
/* End PBXTargetDependency section */

/* Begin XCBuildConfiguration section */
		D982E9D82F5E88BB0076D1E3 /* Debug */ = {
			isa = XCBuildConfiguration;
			buildSettings = {
				ALWAYS_SEARCH_USER_PATHS = NO;
				ASSETCATALOG_COMPILER_GENERATE_SWIFT_ASSET_SYMBOL_EXTENSIONS = YES;
				CLANG_ANALYZER_NONNULL = YES;
				CLANG_ANALYZER_NUMBER_OBJECT_CONVERSION = YES_AGGRESSIVE;
				CLANG_CXX_LANGUAGE_STANDARD = "gnu++20";
				CLANG_ENABLE_MODULES = YES;
				CLANG_ENABLE_OBJC_ARC = YES;
				CLANG_ENABLE_OBJC_WEAK = YES;
				CLANG_WARN_BLOCK_CAPTURE_AUTORELEASING = YES;
				CLANG_WARN_BOOL_CONVERSION = YES;
				CLANG_WARN_COMMA = YES;
				CLANG_WARN_CONSTANT_CONVERSION = YES;
				CLANG_WARN_DEPRECATED_OBJC_IMPLEMENTATIONS = YES;
				CLANG_WARN_DIRECT_OBJC_ISA_USAGE = YES_ERROR;
				CLANG_WARN_DOCUMENTATION_COMMENTS = YES;
				CLANG_WARN_EMPTY_BODY = YES;
				CLANG_WARN_ENUM_CONVERSION = YES;
				CLANG_WARN_INFINITE_RECURSION = YES;
				CLANG_WARN_INT_CONVERSION = YES;
				CLANG_WARN_NON_LITERAL_NULL_CONVERSION = YES;
				CLANG_WARN_OBJC_IMPLICIT_RETAIN_SELF = YES;
				CLANG_WARN_OBJC_LITERAL_CONVERSION = YES;
				CLANG_WARN_OBJC_ROOT_CLASS = YES_ERROR;
				CLANG_WARN_QUOTED_INCLUDE_IN_FRAMEWORK_HEADER = YES;
				CLANG_WARN_RANGE_LOOP_ANALYSIS = YES;
				CLANG_WARN_STRICT_PROTOTYPES = YES;
				CLANG_WARN_SUSPICIOUS_MOVE = YES;
				CLANG_WARN_UNGUARDED_AVAILABILITY = YES_AGGRESSIVE;
				CLANG_WARN_UNREACHABLE_CODE = YES;
				CLANG_WARN__DUPLICATE_METHOD_MATCH = YES;
				COPY_PHASE_STRIP = NO;
				DEBUG_INFORMATION_FORMAT = dwarf;
				DEVELOPMENT_TEAM = 6VGB94PUP3;
				ENABLE_STRICT_OBJC_MSGSEND = YES;
				ENABLE_TESTABILITY = YES;
				ENABLE_USER_SCRIPT_SANDBOXING = YES;
				GCC_C_LANGUAGE_STANDARD = gnu17;
				GCC_DYNAMIC_NO_PIC = NO;
				GCC_NO_COMMON_BLOCKS = YES;
				GCC_OPTIMIZATION_LEVEL = 0;
				GCC_PREPROCESSOR_DEFINITIONS = (
					"DEBUG=1",
					"$(inherited)",
				);
				GCC_WARN_64_TO_32_BIT_CONVERSION = YES;
				GCC_WARN_ABOUT_RETURN_TYPE = YES_ERROR;
				GCC_WARN_UNDECLARED_SELECTOR = YES;
				GCC_WARN_UNINITIALIZED_AUTOS = YES_AGGRESSIVE;
				GCC_WARN_UNUSED_FUNCTION = YES;
				GCC_WARN_UNUSED_VARIABLE = YES;
				IPHONEOS_DEPLOYMENT_TARGET = 26.2;
				LOCALIZATION_PREFERS_STRING_CATALOGS = YES;
				MTL_ENABLE_DEBUG_INFO = INCLUDE_SOURCE;
				MTL_FAST_MATH = YES;
				ONLY_ACTIVE_ARCH = YES;
				SDKROOT = iphoneos;
				SWIFT_ACTIVE_COMPILATION_CONDITIONS = "DEBUG $(inherited)";
				SWIFT_OPTIMIZATION_LEVEL = "-Onone";
			};
			name = Debug;
		};
		D982E9D92F5E88BB0076D1E3 /* Release */ = {
			isa = XCBuildConfiguration;
			buildSettings = {
				ALWAYS_SEARCH_USER_PATHS = NO;
				ASSETCATALOG_COMPILER_GENERATE_SWIFT_ASSET_SYMBOL_EXTENSIONS = YES;
				CLANG_ANALYZER_NONNULL = YES;
				CLANG_ANALYZER_NUMBER_OBJECT_CONVERSION = YES_AGGRESSIVE;
				CLANG_CXX_LANGUAGE_STANDARD = "gnu++20";
				CLANG_ENABLE_MODULES = YES;
				CLANG_ENABLE_OBJC_ARC = YES;
				CLANG_ENABLE_OBJC_WEAK = YES;
				CLANG_WARN_BLOCK_CAPTURE_AUTORELEASING = YES;
				CLANG_WARN_BOOL_CONVERSION = YES;
				CLANG_WARN_COMMA = YES;
				CLANG_WARN_CONSTANT_CONVERSION = YES;
				CLANG_WARN_DEPRECATED_OBJC_IMPLEMENTATIONS = YES;
				CLANG_WARN_DIRECT_OBJC_ISA_USAGE = YES_ERROR;
				CLANG_WARN_DOCUMENTATION_COMMENTS = YES;
				CLANG_WARN_EMPTY_BODY = YES;
				CLANG_WARN_ENUM_CONVERSION = YES;
				CLANG_WARN_INFINITE_RECURSION = YES;
				CLANG_WARN_INT_CONVERSION = YES;
				CLANG_WARN_NON_LITERAL_NULL_CONVERSION = YES;
				CLANG_WARN_OBJC_IMPLICIT_RETAIN_SELF = YES;
				CLANG_WARN_OBJC_LITERAL_CONVERSION = YES;
				CLANG_WARN_OBJC_ROOT_CLASS = YES_ERROR;
				CLANG_WARN_QUOTED_INCLUDE_IN_FRAMEWORK_HEADER = YES;
				CLANG_WARN_RANGE_LOOP_ANALYSIS = YES;
				CLANG_WARN_STRICT_PROTOTYPES = YES;
				CLANG_WARN_SUSPICIOUS_MOVE = YES;
				CLANG_WARN_UNGUARDED_AVAILABILITY = YES_AGGRESSIVE;
				CLANG_WARN_UNREACHABLE_CODE = YES;
				CLANG_WARN__DUPLICATE_METHOD_MATCH = YES;
				COPY_PHASE_STRIP = NO;
				DEBUG_INFORMATION_FORMAT = "dwarf-with-dsym";
				DEVELOPMENT_TEAM = 6VGB94PUP3;
				ENABLE_NS_ASSERTIONS = NO;
				ENABLE_STRICT_OBJC_MSGSEND = YES;
				ENABLE_USER_SCRIPT_SANDBOXING = YES;
				GCC_C_LANGUAGE_STANDARD = gnu17;
				GCC_NO_COMMON_BLOCKS = YES;
				GCC_WARN_64_TO_32_BIT_CONVERSION = YES;
				GCC_WARN_ABOUT_RETURN_TYPE = YES_ERROR;
				GCC_WARN_UNDECLARED_SELECTOR = YES;
				GCC_WARN_UNINITIALIZED_AUTOS = YES_AGGRESSIVE;
				GCC_WARN_UNUSED_FUNCTION = YES;
				GCC_WARN_UNUSED_VARIABLE = YES;
				IPHONEOS_DEPLOYMENT_TARGET = 26.2;
				LOCALIZATION_PREFERS_STRING_CATALOGS = YES;
				MTL_ENABLE_DEBUG_INFO = NO;
				MTL_FAST_MATH = YES;
				SDKROOT = iphoneos;
				SWIFT_COMPILATION_MODE = wholemodule;
				VALIDATE_PRODUCT = YES;
			};
			name = Release;
		};
		D982E9DB2F5E88BB0076D1E3 /* Debug */ = {
			isa = XCBuildConfiguration;
			buildSettings = {
				ASSETCATALOG_COMPILER_APPICON_NAME = AppIcon;
				ASSETCATALOG_COMPILER_GLOBAL_ACCENT_COLOR_NAME = AccentColor;
				CODE_SIGN_STYLE = Automatic;
				CURRENT_PROJECT_VERSION = 1;
				DEVELOPMENT_TEAM = 6VGB94PUP3;
				ENABLE_PREVIEWS = YES;
				GENERATE_INFOPLIST_FILE = YES;
				INFOPLIST_KEY_CFBundleDisplayName = "Markdown Flow";
				INFOPLIST_KEY_UIApplicationSceneManifest_Generation = YES;
				INFOPLIST_KEY_UIApplicationSupportsIndirectInputEvents = YES;
				INFOPLIST_KEY_UILaunchScreen_Generation = YES;
				INFOPLIST_KEY_UISupportedInterfaceOrientations_iPad = "UIInterfaceOrientationPortrait UIInterfaceOrientationPortraitUpsideDown UIInterfaceOrientationLandscapeLeft UIInterfaceOrientationLandscapeRight";
				INFOPLIST_KEY_UISupportedInterfaceOrientations_iPhone = "UIInterfaceOrientationPortrait UIInterfaceOrientationLandscapeLeft UIInterfaceOrientationLandscapeRight";
				LD_RUNPATH_SEARCH_PATHS = (
					"$(inherited)",
					"@executable_path/Frameworks",
				);
				MARKETING_VERSION = 1.0;
				PRODUCT_BUNDLE_IDENTIFIER = com.felix.iOSMarkdownEditor;
				PRODUCT_NAME = "$(TARGET_NAME)";
				STRING_CATALOG_GENERATE_SYMBOLS = YES;
				SWIFT_APPROACHABLE_CONCURRENCY = YES;
				SWIFT_DEFAULT_ACTOR_ISOLATION = MainActor;
				SWIFT_EMIT_LOC_STRINGS = YES;
				SWIFT_UPCOMING_FEATURE_MEMBER_IMPORT_VISIBILITY = YES;
				SWIFT_VERSION = 5.0;
				TARGETED_DEVICE_FAMILY = "1,2";
			};
			name = Debug;
		};
		D982E9DC2F5E88BB0076D1E3 /* Release */ = {
			isa = XCBuildConfiguration;
			buildSettings = {
				ASSETCATALOG_COMPILER_APPICON_NAME = AppIcon;
				ASSETCATALOG_COMPILER_GLOBAL_ACCENT_COLOR_NAME = AccentColor;
				CODE_SIGN_STYLE = Automatic;
				CURRENT_PROJECT_VERSION = 1;
				DEVELOPMENT_TEAM = 6VGB94PUP3;
				ENABLE_PREVIEWS = YES;
				GENERATE_INFOPLIST_FILE = YES;
				INFOPLIST_KEY_CFBundleDisplayName = "Markdown Flow";
				INFOPLIST_KEY_UIApplicationSceneManifest_Generation = YES;
				INFOPLIST_KEY_UIApplicationSupportsIndirectInputEvents = YES;
				INFOPLIST_KEY_UILaunchScreen_Generation = YES;
				INFOPLIST_KEY_UISupportedInterfaceOrientations_iPad = "UIInterfaceOrientationPortrait UIInterfaceOrientationPortraitUpsideDown UIInterfaceOrientationLandscapeLeft UIInterfaceOrientationLandscapeRight";
				INFOPLIST_KEY_UISupportedInterfaceOrientations_iPhone = "UIInterfaceOrientationPortrait UIInterfaceOrientationLandscapeLeft UIInterfaceOrientationLandscapeRight";
				LD_RUNPATH_SEARCH_PATHS = (
					"$(inherited)",
					"@executable_path/Frameworks",
				);
				MARKETING_VERSION = 1.0;
				PRODUCT_BUNDLE_IDENTIFIER = com.felix.iOSMarkdownEditor;
				PRODUCT_NAME = "$(TARGET_NAME)";
				STRING_CATALOG_GENERATE_SYMBOLS = YES;
				SWIFT_APPROACHABLE_CONCURRENCY = YES;
				SWIFT_DEFAULT_ACTOR_ISOLATION = MainActor;
				SWIFT_EMIT_LOC_STRINGS = YES;
				SWIFT_UPCOMING_FEATURE_MEMBER_IMPORT_VISIBILITY = YES;
				SWIFT_VERSION = 5.0;
				TARGETED_DEVICE_FAMILY = "1,2";
			};
			name = Release;
		};
		D982E9DE2F5E88BB0076D1E3 /* Debug */ = {
			isa = XCBuildConfiguration;
			buildSettings = {
				BUNDLE_LOADER = "$(TEST_HOST)";
				CODE_SIGN_STYLE = Automatic;
				CURRENT_PROJECT_VERSION = 1;
				DEVELOPMENT_TEAM = 6VGB94PUP3;
				GENERATE_INFOPLIST_FILE = YES;
				IPHONEOS_DEPLOYMENT_TARGET = 26.2;
				MARKETING_VERSION = 1.0;
				PRODUCT_BUNDLE_IDENTIFIER = com.felix.iOSMarkdownEditorTests;
				PRODUCT_NAME = "$(TARGET_NAME)";
				STRING_CATALOG_GENERATE_SYMBOLS = NO;
				SWIFT_APPROACHABLE_CONCURRENCY = YES;
				SWIFT_EMIT_LOC_STRINGS = NO;
				SWIFT_UPCOMING_FEATURE_MEMBER_IMPORT_VISIBILITY = YES;
				SWIFT_VERSION = 5.0;
				TARGETED_DEVICE_FAMILY = "1,2";
				TEST_HOST = "$(BUILT_PRODUCTS_DIR)/iOSMarkdownEditor.app/$(BUNDLE_EXECUTABLE_FOLDER_PATH)/iOSMarkdownEditor";
			};
			name = Debug;
		};
		D982E9DF2F5E88BB0076D1E3 /* Release */ = {
			isa = XCBuildConfiguration;
			buildSettings = {
				BUNDLE_LOADER = "$(TEST_HOST)";
				CODE_SIGN_STYLE = Automatic;
				CURRENT_PROJECT_VERSION = 1;
				DEVELOPMENT_TEAM = 6VGB94PUP3;
				GENERATE_INFOPLIST_FILE = YES;
				IPHONEOS_DEPLOYMENT_TARGET = 26.2;
				MARKETING_VERSION = 1.0;
				PRODUCT_BUNDLE_IDENTIFIER = com.felix.iOSMarkdownEditorTests;
				PRODUCT_NAME = "$(TARGET_NAME)";
				STRING_CATALOG_GENERATE_SYMBOLS = NO;
				SWIFT_APPROACHABLE_CONCURRENCY = YES;
				SWIFT_EMIT_LOC_STRINGS = NO;
				SWIFT_UPCOMING_FEATURE_MEMBER_IMPORT_VISIBILITY = YES;
				SWIFT_VERSION = 5.0;
				TARGETED_DEVICE_FAMILY = "1,2";
				TEST_HOST = "$(BUILT_PRODUCTS_DIR)/iOSMarkdownEditor.app/$(BUNDLE_EXECUTABLE_FOLDER_PATH)/iOSMarkdownEditor";
			};
			name = Release;
		};
		D982E9E12F5E88BB0076D1E3 /* Debug */ = {
			isa = XCBuildConfiguration;
			buildSettings = {
				CODE_SIGN_STYLE = Automatic;
				CURRENT_PROJECT_VERSION = 1;
				DEVELOPMENT_TEAM = 6VGB94PUP3;
				GENERATE_INFOPLIST_FILE = YES;
				MARKETING_VERSION = 1.0;
				PRODUCT_BUNDLE_IDENTIFIER = com.felix.iOSMarkdownEditorUITests;
				PRODUCT_NAME = "$(TARGET_NAME)";
				STRING_CATALOG_GENERATE_SYMBOLS = NO;
				SWIFT_APPROACHABLE_CONCURRENCY = YES;
				SWIFT_EMIT_LOC_STRINGS = NO;
				SWIFT_UPCOMING_FEATURE_MEMBER_IMPORT_VISIBILITY = YES;
				SWIFT_VERSION = 5.0;
				TARGETED_DEVICE_FAMILY = "1,2";
				TEST_TARGET_NAME = iOSMarkdownEditor;
			};
			name = Debug;
		};
		D982E9E22F5E88BB0076D1E3 /* Release */ = {
			isa = XCBuildConfiguration;
			buildSettings = {
				CODE_SIGN_STYLE = Automatic;
				CURRENT_PROJECT_VERSION = 1;
				DEVELOPMENT_TEAM = 6VGB94PUP3;
				GENERATE_INFOPLIST_FILE = YES;
				MARKETING_VERSION = 1.0;
				PRODUCT_BUNDLE_IDENTIFIER = com.felix.iOSMarkdownEditorUITests;
				PRODUCT_NAME = "$(TARGET_NAME)";
				STRING_CATALOG_GENERATE_SYMBOLS = NO;
				SWIFT_APPROACHABLE_CONCURRENCY = YES;
				SWIFT_EMIT_LOC_STRINGS = NO;
				SWIFT_UPCOMING_FEATURE_MEMBER_IMPORT_VISIBILITY = YES;
				SWIFT_VERSION = 5.0;
				TARGETED_DEVICE_FAMILY = "1,2";
				TEST_TARGET_NAME = iOSMarkdownEditor;
			};
			name = Release;
		};
/* End XCBuildConfiguration section */

/* Begin XCConfigurationList section */
		D982E9B42F5E88B90076D1E3 /* Build configuration list for PBXProject "iOSMarkdownEditor" */ = {
			isa = XCConfigurationList;
			buildConfigurations = (
				D982E9D82F5E88BB0076D1E3 /* Debug */,
				D982E9D92F5E88BB0076D1E3 /* Release */,
			);
			defaultConfigurationIsVisible = 0;
			defaultConfigurationName = Release;
		};
		D982E9DA2F5E88BB0076D1E3 /* Build configuration list for PBXNativeTarget "iOSMarkdownEditor" */ = {
			isa = XCConfigurationList;
			buildConfigurations = (
				D982E9DB2F5E88BB0076D1E3 /* Debug */,
				D982E9DC2F5E88BB0076D1E3 /* Release */,
			);
			defaultConfigurationIsVisible = 0;
			defaultConfigurationName = Release;
		};
		D982E9DD2F5E88BB0076D1E3 /* Build configuration list for PBXNativeTarget "iOSMarkdownEditorTests" */ = {
			isa = XCConfigurationList;
			buildConfigurations = (
				D982E9DE2F5E88BB0076D1E3 /* Debug */,
				D982E9DF2F5E88BB0076D1E3 /* Release */,
			);
			defaultConfigurationIsVisible = 0;
			defaultConfigurationName = Release;
		};
		D982E9E02F5E88BB0076D1E3 /* Build configuration list for PBXNativeTarget "iOSMarkdownEditorUITests" */ = {
			isa = XCConfigurationList;
			buildConfigurations = (
				D982E9E12F5E88BB0076D1E3 /* Debug */,
				D982E9E22F5E88BB0076D1E3 /* Release */,
			);
			defaultConfigurationIsVisible = 0;
			defaultConfigurationName = Release;
		};
/* End XCConfigurationList section */
	};
	rootObject = D982E9B12F5E88B90076D1E3 /* Project object */;
}
